# This file was autogenerated by uv via the following command:
#    uv pip compile pyproject.toml
aiohappyeyeballs==2.6.1
    # via aiohttp
aiohttp==3.13.3
    # via llama-index-core
aiosignal==1.4.0
    # via aiohttp
aiosqlite==0.22.1
    # via llama-index-core
alembic==1.18.3
    # via courtprep (pyproject.toml)
annotated-doc==0.0.4
    # via fastapi
annotated-types==0.7.0
    # via pydantic
anyio==4.12.1
    # via
    #   httpx
    #   openai
    #   starlette
    #   watchfiles
asyncpg==0.31.0
    # via
    #   courtprep (pyproject.toml)
    #   llama-index-vector-stores-postgres
attrs==25.4.0
    # via aiohttp
banks==2.3.0
    # via llama-index-core
beautifulsoup4==4.14.3
    # via llama-index-readers-file
certifi==2026.1.4
    # via
    #   httpcore
    #   httpx
    #   llama-cloud
    #   requests
charset-normalizer==3.4.4
    # via requests
click==8.3.1
    # via
    #   llama-cloud-services
    #   nltk
    #   uvicorn
colorama==0.4.6
    # via griffe
dataclasses-json==0.6.7
    # via llama-index-core
defusedxml==0.7.1
    # via llama-index-readers-file
deprecated==1.2.18
    # via
    #   banks
    #   llama-index-core
    #   llama-index-indices-managed-llama-cloud
    #   llama-index-instrumentation
dirtyjson==1.0.8
    # via llama-index-core
distro==1.9.0
    # via openai
fastapi==0.128.0
    # via courtprep (pyproject.toml)
filetype==1.2.0
    # via llama-index-core
frozenlist==1.8.0
    # via
    #   aiohttp
    #   aiosignal
fsspec==2026.1.0
    # via llama-index-core
greenlet==3.3.1
    # via sqlalchemy
griffe==1.15.0
    # via banks
h11==0.16.0
    # via
    #   httpcore
    #   uvicorn
httpcore==1.0.9
    # via httpx
httptools==0.7.1
    # via uvicorn
httpx==0.28.1
    # via
    #   courtprep (pyproject.toml)
    #   llama-cloud
    #   llama-index-core
    #   openai
idna==3.11
    # via
    #   anyio
    #   httpx
    #   requests
    #   yarl
jinja2==3.1.6
    # via banks
jiter==0.12.0
    # via openai
joblib==1.5.3
    # via nltk
llama-cloud==0.1.35
    # via
    #   llama-cloud-services
    #   llama-index-indices-managed-llama-cloud
llama-cloud-services==0.6.54
    # via llama-parse
llama-index==0.14.13
    # via courtprep (pyproject.toml)
llama-index-cli==0.5.3
    # via llama-index
llama-index-core==0.14.13
    # via
    #   llama-cloud-services
    #   llama-index
    #   llama-index-cli
    #   llama-index-embeddings-openai
    #   llama-index-indices-managed-llama-cloud
    #   llama-index-llms-openai
    #   llama-index-readers-file
    #   llama-index-readers-llama-parse
    #   llama-index-vector-stores-postgres
llama-index-embeddings-openai==0.5.1
    # via
    #   courtprep (pyproject.toml)
    #   llama-index
    #   llama-index-cli
llama-index-indices-managed-llama-cloud==0.9.4
    # via llama-index
llama-index-instrumentation==0.4.2
    # via llama-index-workflows
llama-index-llms-openai==0.6.15
    # via
    #   courtprep (pyproject.toml)
    #   llama-index
    #   llama-index-cli
llama-index-readers-file==0.5.6
    # via llama-index
llama-index-readers-llama-parse==0.5.1
    # via llama-index
llama-index-vector-stores-postgres==0.7.3
    # via courtprep (pyproject.toml)
llama-index-workflows==2.13.1
    # via llama-index-core
llama-parse==0.6.54
    # via llama-index-readers-llama-parse
mako==1.3.10
    # via alembic
markupsafe==3.0.3
    # via
    #   jinja2
    #   mako
marshmallow==3.26.2
    # via dataclasses-json
multidict==6.7.1
    # via
    #   aiohttp
    #   yarl
mypy-extensions==1.1.0
    # via typing-inspect
nest-asyncio==1.6.0
    # via llama-index-core
networkx==3.6.1
    # via llama-index-core
nltk==3.9.2
    # via
    #   llama-index
    #   llama-index-core
numpy==2.4.1
    # via
    #   llama-index-core
    #   pandas
    #   pgvector
openai==2.16.0
    # via
    #   courtprep (pyproject.toml)
    #   llama-index-embeddings-openai
    #   llama-index-llms-openai
packaging==26.0
    # via
    #   marshmallow
    #   pytesseract
pandas==2.3.3
    # via llama-index-readers-file
pgvector==0.4.2
    # via
    #   courtprep (pyproject.toml)
    #   llama-index-vector-stores-postgres
pillow==12.1.0
    # via
    #   llama-index-core
    #   pytesseract
platformdirs==4.5.1
    # via
    #   banks
    #   llama-cloud-services
    #   llama-index-core
propcache==0.4.1
    # via
    #   aiohttp
    #   yarl
psycopg2-binary==2.9.11
    # via llama-index-vector-stores-postgres
pydantic==2.12.5
    # via
    #   courtprep (pyproject.toml)
    #   banks
    #   fastapi
    #   llama-cloud
    #   llama-cloud-services
    #   llama-index-core
    #   llama-index-instrumentation
    #   llama-index-workflows
    #   openai
    #   pydantic-settings
pydantic-core==2.41.5
    # via pydantic
pydantic-settings==2.12.0
    # via courtprep (pyproject.toml)
pymupdf==1.26.7
    # via courtprep (pyproject.toml)
pypdf==6.6.2
    # via llama-index-readers-file
pytesseract==0.3.13
    # via courtprep (pyproject.toml)
python-dateutil==2.9.0.post0
    # via pandas
python-dotenv==1.2.1
    # via
    #   llama-cloud-services
    #   pydantic-settings
    #   uvicorn
python-multipart==0.0.22
    # via courtprep (pyproject.toml)
pytz==2025.2
    # via pandas
pyyaml==6.0.3
    # via
    #   llama-index-core
    #   uvicorn
regex==2026.1.15
    # via
    #   nltk
    #   tiktoken
requests==2.32.5
    # via
    #   llama-index-core
    #   tiktoken
setuptools==80.10.2
    # via llama-index-core
six==1.17.0
    # via python-dateutil
sniffio==1.3.1
    # via openai
soupsieve==2.8.3
    # via beautifulsoup4
sqlalchemy==2.0.46
    # via
    #   courtprep (pyproject.toml)
    #   alembic
    #   llama-index-core
    #   llama-index-vector-stores-postgres
starlette==0.50.0
    # via fastapi
striprtf==0.0.26
    # via llama-index-readers-file
tenacity==9.1.2
    # via
    #   llama-cloud-services
    #   llama-index-core
tiktoken==0.12.0
    # via llama-index-core
tqdm==4.67.2
    # via
    #   llama-index-core
    #   nltk
    #   openai
typing-extensions==4.15.0
    # via
    #   alembic
    #   beautifulsoup4
    #   fastapi
    #   llama-index-core
    #   llama-index-workflows
    #   openai
    #   pydantic
    #   pydantic-core
    #   sqlalchemy
    #   typing-inspect
    #   typing-inspection
typing-inspect==0.9.0
    # via
    #   dataclasses-json
    #   llama-index-core
typing-inspection==0.4.2
    # via
    #   pydantic
    #   pydantic-settings
tzdata==2025.3
    # via pandas
urllib3==2.6.3
    # via requests
uvicorn==0.40.0
    # via courtprep (pyproject.toml)
uvloop==0.22.1
    # via uvicorn
watchfiles==1.1.1
    # via uvicorn
websockets==16.0
    # via uvicorn
wrapt==1.17.3
    # via
    #   deprecated
    #   llama-index-core
yarl==1.22.0
    # via aiohttp
